
Microsoft Visual Studio Solution File, Format Version 12.00
# Visual Studio Version 17
VisualStudioVersion = 17.10.35027.167
MinimumVisualStudioVersion = 10.0.40219.1
Project("{FAE04EC0-301F-11D3-BF4B-00C04F79EFBC}") = "Eticaret", "Eticaret\Eticaret.csproj", "{AABCBE62-A76B-4320-8CB6-B25BE07B3847}"
EndProject
Global
	GlobalSection(SolutionConfigurationPlatforms) = preSolution
		Debug|Any CPU = Debug|Any CPU
		Release|Any CPU = Release|Any CPU
	EndGlobalSection
	GlobalSection(ProjectConfigurationPlatforms) = postSolution
		{AABCBE62-A76B-4320-8CB6-B25BE07B3847}.Debug|Any CPU.ActiveCfg = Debug|Any CPU
		{AABCBE62-A76B-4320-8CB6-B25BE07B3847}.Debug|Any CPU.Build.0 = Debug|Any CPU
		{AABCBE62-A76B-4320-8CB6-B25BE07B3847}.Release|Any CPU.ActiveCfg = Release|Any CPU
		{AABCBE62-A76B-4320-8CB6-B25BE07B3847}.Release|Any CPU.Build.0 = Release|Any CPU
	EndGlobalSection
	GlobalSection(SolutionProperties) = preSolution
		HideSolutionNode = FALSE
	EndGlobalSection
	GlobalSection(ExtensibilityGlobals) = postSolution
		SolutionGuid = {1B5B3BE6-D587-4F7B-8735-403FEF96B2ED}
	EndGlobalSection
EndGlobal
